{
  "name": "mdlua",
  "version": "0.3.1",
  "lockfileVersion": 3,
  "requires": true,
  "packages": {
    "": {
      "name": "mdlua",
      "version": "0.3.1",
      "license": "MIT",
      "dependencies": {
        "luacretro": "file:../../luacretro",
        "romdev-audio-resampler": "0.1.0",
        "romdev-core-gpgx": "0.13.0",
        "romdev-core-runner": "0.1.0",
        "romdev-toolchain-m68k-gcc": "0.3.0",
        "romdev-xgm2": "0.1.0"
      },
      "bin": {
        "mdlua": "bin/mdlua-launch.mjs"
      },
      "engines": {
        "node": ">=24"
      }
    },
    "../../luacretro": {
      "version": "0.1.1",
      "license": "MIT",
      "engines": {
        "node": ">=24"
      }
    },
    "node_modules/@isaacs/fs-minipass": {
      "version": "4.0.1",
      "resolved": "https://registry.npmjs.org/@isaacs/fs-minipass/-/fs-minipass-4.0.1.tgz",
      "integrity": "sha512-wgm9Ehl2jpeqP3zw/7mo3kRHFp5MEDhqAdwy1fTGkHAwnkGOVsgpvQhL8B5n1qlb01jV3n/bI0ZfZp5lWA1k4w==",
      "license": "ISC",
      "optional": true,
      "dependencies": {
        "minipass": "^7.0.4"
      },
      "engines": {
        "node": ">=18.0.0"
      }
    },
    "node_modules/@kmamal/sdl": {
      "version": "0.11.13",
      "resolved": "https://registry.npmjs.org/@kmamal/sdl/-/sdl-0.11.13.tgz",
      "integrity": "sha512-9WmxYNtCggi7Ovq1cU7m/s5WXD/+eKQxDMnL3bU8B5vr5GlaLg4xLykDCpcbWKkJJ2i6llTrdL7LiqikwDFz4w==",
      "hasInstallScript": true,
      "license": "MIT",
      "optional": true,
      "dependencies": {
        "tar": "^7.4.3"
      }
    },
    "node_modules/@monteslu/chafa-wasm": {
      "version": "0.4.0",
      "resolved": "https://registry.npmjs.org/@monteslu/chafa-wasm/-/chafa-wasm-0.4.0.tgz",
      "integrity": "sha512-uCpXqdeiuJbgszUIx0i/ExBcc98fql5c4oLIDkdyFAumJJFObIYYGEQHk/HY0h6fN+ADAvqmU9H6vTjHu5hLSQ==",
      "license": "LGPL-3.0"
    },
    "node_modules/chownr": {
      "version": "3.0.0",
      "resolved": "https://registry.npmjs.org/chownr/-/chownr-3.0.0.tgz",
      "integrity": "sha512-+IxzY9BZOQd/XuYPRmrvEVjF/nqj5kgT4kEq7VofrDoM1MxoRjEWkrCC3EtLi59TVawxTAn+orJwFQcrqEN1+g==",
      "license": "BlueOak-1.0.0",
      "optional": true,
      "engines": {
        "node": ">=18"
      }
    },
    "node_modules/luacretro": {
      "resolved": "../../luacretro",
      "link": true
    },
    "node_modules/minipass": {
      "version": "7.1.3",
      "resolved": "https://registry.npmjs.org/minipass/-/minipass-7.1.3.tgz",
      "integrity": "sha512-tEBHqDnIoM/1rXME1zgka9g6Q2lcoCkxHLuc7ODJ5BxbP5d4c2Z5cGgtXAku59200Cx7diuHTOYfSBD8n6mm8A==",
      "license": "BlueOak-1.0.0",
      "optional": true,
      "engines": {
        "node": ">=16 || 14 >=14.17"
      }
    },
    "node_modules/minizlib": {
      "version": "3.1.0",
      "resolved": "https://registry.npmjs.org/minizlib/-/minizlib-3.1.0.tgz",
      "integrity": "sha512-KZxYo1BUkWD2TVFLr0MQoM8vUUigWD3LlD83a/75BqC+4qE0Hb1Vo5v1FgcfaNXvfXzr+5EhQ6ing/CaBijTlw==",
      "license": "MIT",
      "optional": true,
      "dependencies": {
        "minipass": "^7.1.2"
      },
      "engines": {
        "node": ">= 18"
      }
    },
    "node_modules/native-gles": {
      "version": "0.5.0",
      "resolved": "https://registry.npmjs.org/native-gles/-/native-gles-0.5.0.tgz",
      "integrity": "sha512-P+UTPua+Efd92zKAOv8kqzTuSItKOB3LJN2TFYebihGrV1e5LK/IUH/m00wuqvCZRG4KLqhEMsdD0ANk6kKP0A==",
      "hasInstallScript": true,
      "license": "MIT",
      "optional": true,
      "dependencies": {
        "tar": "^7.4.3"
      }
    },
    "node_modules/pngjs": {
      "version": "7.0.0",
      "resolved": "https://registry.npmjs.org/pngjs/-/pngjs-7.0.0.tgz",
      "integrity": "sha512-LKWqWJRhstyYo9pGvgor/ivk2w94eSjE3RGVuzLGlr3NmD8bf7RcYGze1mNdEHRP6TRP6rMuDHk5t44hnTRyow==",
      "license": "MIT",
      "engines": {
        "node": ">=14.19.0"
      }
    },
    "node_modules/romdev-audio-resampler": {
      "version": "0.1.0",
      "resolved": "https://registry.npmjs.org/romdev-audio-resampler/-/romdev-audio-resampler-0.1.0.tgz",
      "integrity": "sha512-H7nSQ/jtyfvtF6e8r19vcdI+2G4se7zKuMY8pSoSyExNDv7MoAOlvDQgHeaZSl+hcoAiwzELZWx3XPuTm/wfow==",
      "license": "MIT",
      "engines": {
        "node": ">=24"
      }
    },
    "node_modules/romdev-core-gpgx": {
      "version": "0.13.0",
      "resolved": "https://registry.npmjs.org/romdev-core-gpgx/-/romdev-core-gpgx-0.13.0.tgz",
      "integrity": "sha512-rWHwXAMDm2ZHFlsJxO2K+14u1RhHLuKgKQ0Lvm6TgtTIzt0QmUqqNDAqgHaITHP8XqHrGZaGOiuE7U7xIQIpmQ==",
      "license": "SEE LICENSE IN README.md",
      "engines": {
        "node": ">=24"
      }
    },
    "node_modules/romdev-core-host": {
      "version": "0.1.0",
      "resolved": "https://registry.npmjs.org/romdev-core-host/-/romdev-core-host-0.1.0.tgz",
      "integrity": "sha512-93d8x2Q+4C9nbzJG8adrUHFcIi+EQvQVyAEE/1SaMQxpJjpPa4wUTiNWhQAFFzcURbCaO563D6iSo8DK0fmkVw==",
      "license": "MIT",
      "dependencies": {
        "@monteslu/chafa-wasm": "^0.4.0",
        "pngjs": "^7.0.0"
      },
      "engines": {
        "node": ">=24"
      },
      "optionalDependencies": {
        "native-gles": "^0.5.0",
        "webgl-node": "^1.2.0"
      }
    },
    "node_modules/romdev-core-runner": {
      "version": "0.1.0",
      "resolved": "https://registry.npmjs.org/romdev-core-runner/-/romdev-core-runner-0.1.0.tgz",
      "integrity": "sha512-jlC8byje52ESjBlkhaXrSV0zlEGmRNA7fHvEol+Q+yNGkbu2T6W+qJPlYryJNxqzm2w2dEVJBUF1PSNaXwc4lg==",
      "license": "MIT",
      "dependencies": {
        "romdev-core-host": "0.1.0"
      },
      "engines": {
        "node": ">=24"
      },
      "optionalDependencies": {
        "@kmamal/sdl": "^0.11.13"
      }
    },
    "node_modules/romdev-toolchain-m68k-gcc": {
      "version": "0.3.0",
      "resolved": "https://registry.npmjs.org/romdev-toolchain-m68k-gcc/-/romdev-toolchain-m68k-gcc-0.3.0.tgz",
      "integrity": "sha512-fB5u9XpsGk7Pa9EkyKMvOGGylIYrQcNRAZzWuf2kchPGVbf0jx0e801txqn6WH/9zW/tiVgtTzzKICwJwUiljA==",
      "license": "GPL-3.0-or-later",
      "engines": {
        "node": ">=24"
      }
    },
    "node_modules/romdev-xgm2": {
      "version": "0.1.0",
      "resolved": "https://registry.npmjs.org/romdev-xgm2/-/romdev-xgm2-0.1.0.tgz",
      "integrity": "sha512-PKJ82diCyk/GTqFhad22qEYbBnV2I0mQhKr7P2Vrxni3pm/w3uJUMjMhkQTj8E86W70eBdHytCgyBfEDYaq5ig==",
      "license": "MIT",
      "engines": {
        "node": ">=24"
      }
    },
    "node_modules/tar": {
      "version": "7.5.20",
      "resolved": "https://registry.npmjs.org/tar/-/tar-7.5.20.tgz",
      "integrity": "sha512-9FcyK4PA6+WbzlTM9WhQm6vB5W7cP7dUiPsv1g7YDwEQnQ1CGpK3MGlKk/ITVWMk05kHZuBhmVhiv8LZoy/PFQ==",
      "license": "BlueOak-1.0.0",
      "optional": true,
      "dependencies": {
        "@isaacs/fs-minipass": "^4.0.0",
        "chownr": "^3.0.0",
        "minipass": "^7.1.2",
        "minizlib": "^3.1.0",
        "yallist": "^5.0.0"
      },
      "engines": {
        "node": ">=18"
      }
    },
    "node_modules/webgl-node": {
      "version": "1.5.1",
      "resolved": "https://registry.npmjs.org/webgl-node/-/webgl-node-1.5.1.tgz",
      "integrity": "sha512-YzLpTxTvTA0vhHeEtDj6vnOdoft7uQdupBxXqHPp2YWqi9EBk/7lcUqyQi6cTM4PygtZf1Omc9tF4ON24Lr55A==",
      "license": "MIT",
      "optional": true,
      "dependencies": {
        "native-gles": "^0.6.0"
      }
    },
    "node_modules/webgl-node/node_modules/native-gles": {
      "version": "0.6.1",
      "resolved": "https://registry.npmjs.org/native-gles/-/native-gles-0.6.1.tgz",
      "integrity": "sha512-pjC4LmME5OXq673YWpypK8Kaepg0SF8//5zqbmIgFbhh5jVK9D59Bkl9/ronomQ/reGgROwgh7LuHf+ppNcRqA==",
      "hasInstallScript": true,
      "license": "MIT",
      "optional": true,
      "dependencies": {
        "tar": "^7.4.3"
      }
    },
    "node_modules/yallist": {
      "version": "5.0.0",
      "resolved": "https://registry.npmjs.org/yallist/-/yallist-5.0.0.tgz",
      "integrity": "sha512-YgvUTfwqyc7UXVMrB+SImsVYSmTS8X/tSrtdNZMImM+n7+QTriRXyXim0mBrTXNeqzVF0KWGgHPeiyViFFrNDw==",
      "license": "BlueOak-1.0.0",
      "optional": true,
      "engines": {
        "node": ">=18"
      }
    }
  }
}
